// !$*UTF8*$!
{
	archiveVersion = 1;
	classes = {
	};
	objectVersion = 77;
	objects = {

/* Begin PBXBuildFile section */
		40A1D5AE2F10000000000001 /* Animal WidgetsWidget.appex in Embed App Extensions */ = {isa = PBXBuildFile; fileRef = 40A1D5A52F10000000000001 /* Animal WidgetsWidget.appex */; settings = {ATTRIBUTES = (RemoveHeadersOnCopy, ); }; };
/* End PBXBuildFile section */

/* Begin PBXContainerItemProxy section */
		401EC7542F046E8A00BF3954 /* PBXContainerItemProxy */ = {
			isa = PBXContainerItemProxy;
			containerPortal = 401EC73B2F046E8900BF3954 /* Project object */;
			proxyType = 1;
			remoteGlobalIDString = 401EC7422F046E8900BF3954;
			remoteInfo = "Animal Widgets";
		};
		401EC75E2F046E8A00BF3954 /* PBXContainerItemProxy */ = {
			isa = PBXContainerItemProxy;
			containerPortal = 401EC73B2F046E8900BF3954 /* Project object */;
			proxyType = 1;
			remoteGlobalIDString = 401EC7422F046E8900BF3954;
			remoteInfo = "Animal Widgets";
		};
		40A1D5B02F10000000000001 /* PBXContainerItemProxy */ = {
			isa = PBXContainerItemProxy;
			containerPortal = 401EC73B2F046E8900BF3954 /* Project object */;
			proxyType = 1;
			remoteGlobalIDString = 40A1D5A42F10000000000001;
			remoteInfo = "Animal WidgetsWidget";
		};
/* End PBXContainerItemProxy section */

/* Begin PBXCopyFilesBuildPhase section */
		40A1D5AD2F10000000000001 /* Embed App Extensions */ = {
			isa = PBXCopyFilesBuildPhase;
			buildActionMask = 2147483647;
			dstPath = "";
			dstSubfolderSpec = 13;
			files = (
				40A1D5AE2F10000000000001 /* Animal WidgetsWidget.appex in Embed App Extensions */,
			);
			name = "Embed App Extensions";
			runOnlyForDeploymentPostprocessing = 0;
		};
/* End PBXCopyFilesBuildPhase section */

/* Begin PBXFileReference section */
		401EC7432F046E8900BF3954 /* Animal Widgets.app */ = {isa = PBXFileReference; explicitFileType = wrapper.application; includeInIndex = 0; path = "Animal Widgets.app"; sourceTree = BUILT_PRODUCTS_DIR; };
		401EC7532F046E8A00BF3954 /* Animal WidgetsTests.xctest */ = {isa = PBXFileReference; explicitFileType = wrapper.cfbundle; includeInIndex = 0; path = "Animal WidgetsTests.xctest"; sourceTree = BUILT_PRODUCTS_DIR; };
		401EC75D2F046E8A00BF3954 /* Animal WidgetsUITests.xctest */ = {isa = PBXFileReference; explicitFileType = wrapper.cfbundle; includeInIndex = 0; path = "Animal WidgetsUITests.xctest"; sourceTree = BUILT_PRODUCTS_DIR; };
		40A1D5A52F10000000000001 /* Animal WidgetsWidget.appex */ = {isa = PBXFileReference; explicitFileType = "wrapper.app-extension"; includeInIndex = 0; path = "Animal WidgetsWidget.appex"; sourceTree = BUILT_PRODUCTS_DIR; };
/* End PBXFileReference section */

/* Begin PBXFileSystemSynchronizedBuildFileExceptionSet section */
		404ADFF22F0BED1600CBD904 /* Exceptions for "Animal Widgets" folder in "Animal WidgetsWidget" target */ = {
			isa = PBXFileSystemSynchronizedBuildFileExceptionSet;
			membershipExceptions = (
				Assets.xcassets,
				waltz1.mp3,
				waltz2.mp3,
				waltz3.mp3,
				waltz4.mp3,
			);
			target = 40A1D5A42F10000000000001 /* Animal WidgetsWidget */;
		};
/* End PBXFileSystemSynchronizedBuildFileExceptionSet section */

/* Begin PBXFileSystemSynchronizedRootGroup section */
		401EC7452F046E8900BF3954 /* Animal Widgets */ = {
			isa = PBXFileSystemSynchronizedRootGroup;
			exceptions = (
				404ADFF22F0BED1600CBD904 /* Exceptions for "Animal Widgets" folder in "Animal WidgetsWidget" target */,
			);
			path = "Animal Widgets";
			sourceTree = "<group>";
		};
		401EC7562F046E8A00BF3954 /* Animal WidgetsTests */ = {
			isa = PBXFileSystemSynchronizedRootGroup;
			path = "Animal WidgetsTests";
			sourceTree = "<group>";
		};
		401EC7602F046E8A00BF3954 /* Animal WidgetsUITests */ = {
			isa = PBXFileSystemSynchronizedRootGroup;
			path = "Animal WidgetsUITests";
			sourceTree = "<group>";
		};
		40A1D5A62F10000000000001 /* Animal WidgetsWidget */ = {
			isa = PBXFileSystemSynchronizedRootGroup;
			path = "Animal WidgetsWidget";
			sourceTree = "<group>";
		};
		40A1D5B12F10000000000001 /* Animal WidgetsShared */ = {
			isa = PBXFileSystemSynchronizedRootGroup;
			path = "Animal WidgetsShared";
			sourceTree = "<group>";
		};
/* End PBXFileSystemSynchronizedRootGroup section */

/* Begin PBXFrameworksBuildPhase section */
		401EC7402F046E8900BF3954 /* Frameworks */ = {
			isa = PBXFrameworksBuildPhase;
			buildActionMask = 2147483647;
			files = (
			);
			runOnlyForDeploymentPostprocessing = 0;
		};
		401EC7502F046E8A00BF3954 /* Frameworks */ = {
			isa = PBXFrameworksBuildPhase;
			buildActionMask = 2147483647;
			files = (
			);
			runOnlyForDeploymentPostprocessing = 0;
		};
		401EC75A2F046E8A00BF3954 /* Frameworks */ = {
			isa = PBXFrameworksBuildPhase;
			buildActionMask = 2147483647;
			files = (
			);
			runOnlyForDeploymentPostprocessing = 0;
		};
		40A1D5A82F10000000000001 /* Frameworks */ = {
			isa = PBXFrameworksBuildPhase;
			buildActionMask = 2147483647;
			files = (
			);
			runOnlyForDeploymentPostprocessing = 0;
		};
/* End PBXFrameworksBuildPhase section */

/* Begin PBXGroup section */
		401EC73A2F046E8900BF3954 = {
			isa = PBXGroup;
			children = (
				401EC7452F046E8900BF3954 /* Animal Widgets */,
				40A1D5B12F10000000000001 /* Animal WidgetsShared */,
				40A1D5A62F10000000000001 /* Animal WidgetsWidget */,
				401EC7562F046E8A00BF3954 /* Animal WidgetsTests */,
				401EC7602F046E8A00BF3954 /* Animal WidgetsUITests */,
				401EC7442F046E8900BF3954 /* Products */,
			);
			sourceTree = "<group>";
		};
		401EC7442F046E8900BF3954 /* Products */ = {
			isa = PBXGroup;
			children = (
				401EC7432F046E8900BF3954 /* Animal Widgets.app */,
				40A1D5A52F10000000000001 /* Animal WidgetsWidget.appex */,
				401EC7532F046E8A00BF3954 /* Animal WidgetsTests.xctest */,
				401EC75D2F046E8A00BF3954 /* Animal WidgetsUITests.xctest */,
			);
			name = Products;
			sourceTree = "<group>";
		};
/* End PBXGroup section */

/* Begin PBXNativeTarget section */
		401EC7422F046E8900BF3954 /* Animal Widgets */ = {
			isa = PBXNativeTarget;
			buildConfigurationList = 401EC7672F046E8A00BF3954 /* Build configuration list for PBXNativeTarget "Animal Widgets" */;
			buildPhases = (
				401EC73F2F046E8900BF3954 /* Sources */,
				401EC7402F046E8900BF3954 /* Frameworks */,
				401EC7412F046E8900BF3954 /* Resources */,
				40A1D5AD2F10000000000001 /* Embed App Extensions */,
			);
			buildRules = (
			);
			dependencies = (
				40A1D5AF2F10000000000001 /* PBXTargetDependency */,
			);
			fileSystemSynchronizedGroups = (
				401EC7452F046E8900BF3954 /* Animal Widgets */,
				40A1D5B12F10000000000001 /* Animal WidgetsShared */,
			);
			name = "Animal Widgets";
			packageProductDependencies = (
			);
			productName = "Animal Widgets";
			productReference = 401EC7432F046E8900BF3954 /* Animal Widgets.app */;
			productType = "com.apple.product-type.application";
		};
		401EC7522F046E8A00BF3954 /* Animal WidgetsTests */ = {
			isa = PBXNativeTarget;
			buildConfigurationList = 401EC76A2F046E8A00BF3954 /* Build configuration list for PBXNativeTarget "Animal WidgetsTests" */;
			buildPhases = (
				401EC74F2F046E8A00BF3954 /* Sources */,
				401EC7502F046E8A00BF3954 /* Frameworks */,
				401EC7512F046E8A00BF3954 /* Resources */,
			);
			buildRules = (
			);
			dependencies = (
				401EC7552F046E8A00BF3954 /* PBXTargetDependency */,
			);
			fileSystemSynchronizedGroups = (
				401EC7562F046E8A00BF3954 /* Animal WidgetsTests */,
			);
			name = "Animal WidgetsTests";
			packageProductDependencies = (
			);
			productName = "Animal WidgetsTests";
			productReference = 401EC7532F046E8A00BF3954 /* Animal WidgetsTests.xctest */;
			productType = "com.apple.product-type.bundle.unit-test";
		};
		401EC75C2F046E8A00BF3954 /* Animal WidgetsUITests */ = {
			isa = PBXNativeTarget;
			buildConfigurationList = 401EC76D2F046E8A00BF3954 /* Build configuration list for PBXNativeTarget "Animal WidgetsUITests" */;
			buildPhases = (
				401EC7592F046E8A00BF3954 /* Sources */,
				401EC75A2F046E8A00BF3954 /* Frameworks */,
				401EC75B2F046E8A00BF3954 /* Resources */,
			);
			buildRules = (
			);
			dependencies = (
				401EC75F2F046E8A00BF3954 /* PBXTargetDependency */,
			);
			fileSystemSynchronizedGroups = (
				401EC7602F046E8A00BF3954 /* Animal WidgetsUITests */,
			);
			name = "Animal WidgetsUITests";
			packageProductDependencies = (
			);
			productName = "Animal WidgetsUITests";
			productReference = 401EC75D2F046E8A00BF3954 /* Animal WidgetsUITests.xctest */;
			productType = "com.apple.product-type.bundle.ui-testing";
		};
		40A1D5A42F10000000000001 /* Animal WidgetsWidget */ = {
			isa = PBXNativeTarget;
			buildConfigurationList = 40A1D5AA2F10000000000001 /* Build configuration list for PBXNativeTarget "Animal WidgetsWidget" */;
			buildPhases = (
				40A1D5A72F10000000000001 /* Sources */,
				40A1D5A82F10000000000001 /* Frameworks */,
				40A1D5A92F10000000000001 /* Resources */,
			);
			buildRules = (
			);
			dependencies = (
			);
			fileSystemSynchronizedGroups = (
				40A1D5A62F10000000000001 /* Animal WidgetsWidget */,
				40A1D5B12F10000000000001 /* Animal WidgetsShared */,
			);
			name = "Animal WidgetsWidget";
			packageProductDependencies = (
			);
			productName = "Animal WidgetsWidget";
			productReference = 40A1D5A52F10000000000001 /* Animal WidgetsWidget.appex */;
			productType = "com.apple.product-type.app-extension";
		};
/* End PBXNativeTarget section */

/* Begin PBXProject section */
		401EC73B2F046E8900BF3954 /* Project object */ = {
			isa = PBXProject;
			attributes = {
				BuildIndependentTargetsInParallel = 1;
				LastSwiftUpdateCheck = 1620;
				LastUpgradeCheck = 1620;
				TargetAttributes = {
					401EC7422F046E8900BF3954 = {
						CreatedOnToolsVersion = 16.2;
					};
					401EC7522F046E8A00BF3954 = {
						CreatedOnToolsVersion = 16.2;
						TestTargetID = 401EC7422F046E8900BF3954;
					};
					401EC75C2F046E8A00BF3954 = {
						CreatedOnToolsVersion = 16.2;
						TestTargetID = 401EC7422F046E8900BF3954;
					};
					40A1D5A42F10000000000001 = {
						CreatedOnToolsVersion = 16.2;
					};
				};
			};
			buildConfigurationList = 401EC73E2F046E8900BF3954 /* Build configuration list for PBXProject "Animal Widgets" */;
			developmentRegion = en;
			hasScannedForEncodings = 0;
			knownRegions = (
				en,
				Base,
			);
			mainGroup = 401EC73A2F046E8900BF3954;
			minimizedProjectReferenceProxies = 1;
			preferredProjectObjectVersion = 77;
			productRefGroup = 401EC7442F046E8900BF3954 /* Products */;
			projectDirPath = "";
			projectRoot = "";
			targets = (
				401EC7422F046E8900BF3954 /* Animal Widgets */,
				40A1D5A42F10000000000001 /* Animal WidgetsWidget */,
				401EC7522F046E8A00BF3954 /* Animal WidgetsTests */,
				401EC75C2F046E8A00BF3954 /* Animal WidgetsUITests */,
			);
		};
/* End PBXProject section */

/* Begin PBXResourcesBuildPhase section */
		401EC7412F046E8900BF3954 /* Resources */ = {
			isa = PBXResourcesBuildPhase;
			buildActionMask = 2147483647;
			files = (
			);
			runOnlyForDeploymentPostprocessing = 0;
		};
		401EC7512F046E8A00BF3954 /* Resources */ = {
			isa = PBXResourcesBuildPhase;
			buildActionMask = 2147483647;
			files = (
			);
			runOnlyForDeploymentPostprocessing = 0;
		};
		401EC75B2F046E8A00BF3954 /* Resources */ = {
			isa = PBXResourcesBuildPhase;
			buildActionMask = 2147483647;
			files = (
			);
			runOnlyForDeploymentPostprocessing = 0;
		};
		40A1D5A92F10000000000001 /* Resources */ = {
			isa = PBXResourcesBuildPhase;
			buildActionMask = 2147483647;
			files = (
			);
			runOnlyForDeploymentPostprocessing = 0;
		};
/* End PBXResourcesBuildPhase section */

/* Begin PBXSourcesBuildPhase section */
		401EC73F2F046E8900BF3954 /* Sources */ = {
			isa = PBXSourcesBuildPhase;
			buildActionMask = 2147483647;
			files = (
			);
			runOnlyForDeploymentPostprocessing = 0;
		};
		401EC74F2F046E8A00BF3954 /* Sources */ = {
			isa = PBXSourcesBuildPhase;
			buildActionMask = 2147483647;
			files = (
			);
			runOnlyForDeploymentPostprocessing = 0;
		};
		401EC7592F046E8A00BF3954 /* Sources */ = {
			isa = PBXSourcesBuildPhase;
			buildActionMask = 2147483647;
			files = (
			);
			runOnlyForDeploymentPostprocessing = 0;
		};
		40A1D5A72F10000000000001 /* Sources */ = {
			isa = PBXSourcesBuildPhase;
			buildActionMask = 2147483647;
			files = (
			);
			runOnlyForDeploymentPostprocessing = 0;
		};
/* End PBXSourcesBuildPhase section */

/* Begin PBXTargetDependency section */
		401EC7552F046E8A00BF3954 /* PBXTargetDependency */ = {
			isa = PBXTargetDependency;
			target = 401EC7422F046E8900BF3954 /* Animal Widgets */;
			targetProxy = 401EC7542F046E8A00BF3954 /* PBXContainerItemProxy */;
		};
		401EC75F2F046E8A00BF3954 /* PBXTargetDependency */ = {
			isa = PBXTargetDependency;
			target = 401EC7422F046E8900BF3954 /* Animal Widgets */;
			targetProxy = 401EC75E2F046E8A00BF3954 /* PBXContainerItemProxy */;
		};
		40A1D5AF2F10000000000001 /* PBXTargetDependency */ = {
			isa = PBXTargetDependency;
			target = 40A1D5A42F10000000000001 /* Animal WidgetsWidget */;
			targetProxy = 40A1D5B02F10000000000001 /* PBXContainerItemProxy */;
		};
/* End PBXTargetDependency section */

/* Begin XCBuildConfiguration section */
		401EC7652F046E8A00BF3954 /* Debug */ = {
			isa = XCBuildConfiguration;
			buildSettings = {
				ALWAYS_SEARCH_USER_PATHS = NO;
				ASSETCATALOG_COMPILER_GENERATE_SWIFT_ASSET_SYMBOL_EXTENSIONS = YES;
				CLANG_ANALYZER_NONNULL = YES;
				CLANG_ANALYZER_NUMBER_OBJECT_CONVERSION = YES_AGGRESSIVE;
				CLANG_CXX_LANGUAGE_STANDARD = "gnu++20";
				CLANG_ENABLE_MODULES = YES;
				CLANG_ENABLE_OBJC_ARC = YES;
				CLANG_ENABLE_OBJC_WEAK = YES;
				CLANG_WARN_BLOCK_CAPTURE_AUTORELEASING = YES;
				CLANG_WARN_BOOL_CONVERSION = YES;
				CLANG_WARN_COMMA = YES;
				CLANG_WARN_CONSTANT_CONVERSION = YES;
				CLANG_WARN_DEPRECATED_OBJC_IMPLEMENTATIONS = YES;
				CLANG_WARN_DIRECT_OBJC_ISA_USAGE = YES_ERROR;
				CLANG_WARN_DOCUMENTATION_COMMENTS = YES;
				CLANG_WARN_EMPTY_BODY = YES;
				CLANG_WARN_ENUM_CONVERSION = YES;
				CLANG_WARN_INFINITE_RECURSION = YES;
				CLANG_WARN_INT_CONVERSION = YES;
				CLANG_WARN_NON_LITERAL_NULL_CONVERSION = YES;
				CLANG_WARN_OBJC_IMPLICIT_RETAIN_SELF = YES;
				CLANG_WARN_OBJC_LITERAL_CONVERSION = YES;
				CLANG_WARN_OBJC_ROOT_CLASS = YES_ERROR;
				CLANG_WARN_QUOTED_INCLUDE_IN_FRAMEWORK_HEADER = YES;
				CLANG_WARN_RANGE_LOOP_ANALYSIS = YES;
				CLANG_WARN_STRICT_PROTOTYPES = YES;
				CLANG_WARN_SUSPICIOUS_MOVE = YES;
				CLANG_WARN_UNGUARDED_AVAILABILITY = YES_AGGRESSIVE;
				CLANG_WARN_UNREACHABLE_CODE = YES;
				CLANG_WARN__DUPLICATE_METHOD_MATCH = YES;
				COPY_PHASE_STRIP = NO;
				DEBUG_INFORMATION_FORMAT = dwarf;
				ENABLE_STRICT_OBJC_MSGSEND = YES;
				ENABLE_TESTABILITY = YES;
				ENABLE_USER_SCRIPT_SANDBOXING = YES;
				GCC_C_LANGUAGE_STANDARD = gnu17;
				GCC_DYNAMIC_NO_PIC = NO;
				GCC_NO_COMMON_BLOCKS = YES;
				GCC_OPTIMIZATION_LEVEL = 0;
				GCC_PREPROCESSOR_DEFINITIONS = (
					"DEBUG=1",
					"$(inherited)",
				);
				GCC_WARN_64_TO_32_BIT_CONVERSION = YES;
				GCC_WARN_ABOUT_RETURN_TYPE = YES_ERROR;
				GCC_WARN_UNDECLARED_SELECTOR = YES;
				GCC_WARN_UNINITIALIZED_AUTOS = YES_AGGRESSIVE;
				GCC_WARN_UNUSED_FUNCTION = YES;
				GCC_WARN_UNUSED_VARIABLE = YES;
				IPHONEOS_DEPLOYMENT_TARGET = 18.2;
				LOCALIZATION_PREFERS_STRING_CATALOGS = YES;
				MTL_ENABLE_DEBUG_INFO = INCLUDE_SOURCE;
				MTL_FAST_MATH = YES;
				ONLY_ACTIVE_ARCH = YES;
				SDKROOT = iphoneos;
				SWIFT_ACTIVE_COMPILATION_CONDITIONS = "DEBUG $(inherited)";
				SWIFT_OPTIMIZATION_LEVEL = "-Onone";
			};
			name = Debug;
		};
		401EC7662F046E8A00BF3954 /* Release */ = {
			isa = XCBuildConfiguration;
			buildSettings = {
				ALWAYS_SEARCH_USER_PATHS = NO;
				ASSETCATALOG_COMPILER_GENERATE_SWIFT_ASSET_SYMBOL_EXTENSIONS = YES;
				CLANG_ANALYZER_NONNULL = YES;
				CLANG_ANALYZER_NUMBER_OBJECT_CONVERSION = YES_AGGRESSIVE;
				CLANG_CXX_LANGUAGE_STANDARD = "gnu++20";
				CLANG_ENABLE_MODULES = YES;
				CLANG_ENABLE_OBJC_ARC = YES;
				CLANG_ENABLE_OBJC_WEAK = YES;
				CLANG_WARN_BLOCK_CAPTURE_AUTORELEASING = YES;
				CLANG_WARN_BOOL_CONVERSION = YES;
				CLANG_WARN_COMMA = YES;
				CLANG_WARN_CONSTANT_CONVERSION = YES;
				CLANG_WARN_DEPRECATED_OBJC_IMPLEMENTATIONS = YES;
				CLANG_WARN_DIRECT_OBJC_ISA_USAGE = YES_ERROR;
				CLANG_WARN_DOCUMENTATION_COMMENTS = YES;
				CLANG_WARN_EMPTY_BODY = YES;
				CLANG_WARN_ENUM_CONVERSION = YES;
				CLANG_WARN_INFINITE_RECURSION = YES;
				CLANG_WARN_INT_CONVERSION = YES;
				CLANG_WARN_NON_LITERAL_NULL_CONVERSION = YES;
				CLANG_WARN_OBJC_IMPLICIT_RETAIN_SELF = YES;
				CLANG_WARN_OBJC_LITERAL_CONVERSION = YES;
				CLANG_WARN_OBJC_ROOT_CLASS = YES_ERROR;
				CLANG_WARN_QUOTED_INCLUDE_IN_FRAMEWORK_HEADER = YES;
				CLANG_WARN_RANGE_LOOP_ANALYSIS = YES;
				CLANG_WARN_STRICT_PROTOTYPES = YES;
				CLANG_WARN_SUSPICIOUS_MOVE = YES;
				CLANG_WARN_UNGUARDED_AVAILABILITY = YES_AGGRESSIVE;
				CLANG_WARN_UNREACHABLE_CODE = YES;
				CLANG_WARN__DUPLICATE_METHOD_MATCH = YES;
				COPY_PHASE_STRIP = NO;
				DEBUG_INFORMATION_FORMAT = "dwarf-with-dsym";
				ENABLE_NS_ASSERTIONS = NO;
				ENABLE_STRICT_OBJC_MSGSEND = YES;
				ENABLE_USER_SCRIPT_SANDBOXING = YES;
				GCC_C_LANGUAGE_STANDARD = gnu17;
				GCC_NO_COMMON_BLOCKS = YES;
				GCC_WARN_64_TO_32_BIT_CONVERSION = YES;
				GCC_WARN_ABOUT_RETURN_TYPE = YES_ERROR;
				GCC_WARN_UNDECLARED_SELECTOR = YES;
				GCC_WARN_UNINITIALIZED_AUTOS = YES_AGGRESSIVE;
				GCC_WARN_UNUSED_FUNCTION = YES;
				GCC_WARN_UNUSED_VARIABLE = YES;
				IPHONEOS_DEPLOYMENT_TARGET = 18.2;
				LOCALIZATION_PREFERS_STRING_CATALOGS = YES;
				MTL_ENABLE_DEBUG_INFO = NO;
				MTL_FAST_MATH = YES;
				SDKROOT = iphoneos;
				SWIFT_COMPILATION_MODE = wholemodule;
				VALIDATE_PRODUCT = YES;
			};
			name = Release;
		};
		401EC7682F046E8A00BF3954 /* Debug */ = {
			isa = XCBuildConfiguration;
			buildSettings = {
				ASSETCATALOG_COMPILER_APPICON_NAME = AppIcon;
				ASSETCATALOG_COMPILER_GLOBAL_ACCENT_COLOR_NAME = AccentColor;
				CODE_SIGN_ENTITLEMENTS = "Animal Widgets/Animal Widgets.entitlements";
				CODE_SIGN_STYLE = Automatic;
				CURRENT_PROJECT_VERSION = 1;
				DEVELOPMENT_ASSET_PATHS = "\"Animal Widgets/Preview Content\"";
				DEVELOPMENT_TEAM = DC583QU6ZR;
				ENABLE_PREVIEWS = YES;
				GENERATE_INFOPLIST_FILE = YES;
				INFOPLIST_KEY_CFBundleURLTypes = "({CFBundleURLName=animalwidgets;CFBundleURLSchemes=(animalwidgets);})";
				INFOPLIST_KEY_UIApplicationSceneManifest_Generation = YES;
				INFOPLIST_KEY_UIApplicationSupportsIndirectInputEvents = YES;
				INFOPLIST_KEY_UILaunchScreen_Generation = YES;
				INFOPLIST_KEY_UISupportedInterfaceOrientations_iPad = "UIInterfaceOrientationPortrait UIInterfaceOrientationPortraitUpsideDown UIInterfaceOrientationLandscapeLeft UIInterfaceOrientationLandscapeRight";
				INFOPLIST_KEY_UISupportedInterfaceOrientations_iPhone = "UIInterfaceOrientationPortrait UIInterfaceOrientationLandscapeLeft UIInterfaceOrientationLandscapeRight";
				LD_RUNPATH_SEARCH_PATHS = (
					"$(inherited)",
					"@executable_path/Frameworks",
				);
				MARKETING_VERSION = 1.0;
				PRODUCT_BUNDLE_IDENTIFIER = com.hyoroklee.animalfriends;
				PRODUCT_NAME = "$(TARGET_NAME)";
				SWIFT_EMIT_LOC_STRINGS = YES;
				SWIFT_VERSION = 5.0;
				TARGETED_DEVICE_FAMILY = "1,2";
			};
			name = Debug;
		};
		401EC7692F046E8A00BF3954 /* Release */ = {
			isa = XCBuildConfiguration;
			buildSettings = {
				ASSETCATALOG_COMPILER_APPICON_NAME = AppIcon;
				ASSETCATALOG_COMPILER_GLOBAL_ACCENT_COLOR_NAME = AccentColor;
				CODE_SIGN_ENTITLEMENTS = "Animal Widgets/Animal Widgets.entitlements";
				CODE_SIGN_STYLE = Automatic;
				CURRENT_PROJECT_VERSION = 1;
				DEVELOPMENT_ASSET_PATHS = "\"Animal Widgets/Preview Content\"";
				DEVELOPMENT_TEAM = DC583QU6ZR;
				ENABLE_PREVIEWS = YES;
				GENERATE_INFOPLIST_FILE = YES;
				INFOPLIST_KEY_CFBundleURLTypes = "({CFBundleURLName=animalwidgets;CFBundleURLSchemes=(animalwidgets);})";
				INFOPLIST_KEY_UIApplicationSceneManifest_Generation = YES;
				INFOPLIST_KEY_UIApplicationSupportsIndirectInputEvents = YES;
				INFOPLIST_KEY_UILaunchScreen_Generation = YES;
				INFOPLIST_KEY_UISupportedInterfaceOrientations_iPad = "UIInterfaceOrientationPortrait UIInterfaceOrientationPortraitUpsideDown UIInterfaceOrientationLandscapeLeft UIInterfaceOrientationLandscapeRight";
				INFOPLIST_KEY_UISupportedInterfaceOrientations_iPhone = "UIInterfaceOrientationPortrait UIInterfaceOrientationLandscapeLeft UIInterfaceOrientationLandscapeRight";
				LD_RUNPATH_SEARCH_PATHS = (
					"$(inherited)",
					"@executable_path/Frameworks",
				);
				MARKETING_VERSION = 1.0;
				PRODUCT_BUNDLE_IDENTIFIER = com.hyoroklee.animalfriends;
				PRODUCT_NAME = "$(TARGET_NAME)";
				SWIFT_EMIT_LOC_STRINGS = YES;
				SWIFT_VERSION = 5.0;
				TARGETED_DEVICE_FAMILY = "1,2";
			};
			name = Release;
		};
		401EC76B2F046E8A00BF3954 /* Debug */ = {
			isa = XCBuildConfiguration;
			buildSettings = {
				BUNDLE_LOADER = "$(TEST_HOST)";
				CODE_SIGN_STYLE = Automatic;
				CURRENT_PROJECT_VERSION = 1;
				DEVELOPMENT_TEAM = DC583QU6ZR;
				GENERATE_INFOPLIST_FILE = YES;
				IPHONEOS_DEPLOYMENT_TARGET = 18.2;
				MARKETING_VERSION = 1.0;
				PRODUCT_BUNDLE_IDENTIFIER = "com.hyoroklee.animalfriends.Animal-WidgetsTests";
				PRODUCT_NAME = "$(TARGET_NAME)";
				SWIFT_EMIT_LOC_STRINGS = NO;
				SWIFT_VERSION = 5.0;
				TARGETED_DEVICE_FAMILY = "1,2";
				TEST_HOST = "$(BUILT_PRODUCTS_DIR)/Animal Widgets.app/$(BUNDLE_EXECUTABLE_FOLDER_PATH)/Animal Widgets";
			};
			name = Debug;
		};
		401EC76C2F046E8A00BF3954 /* Release */ = {
			isa = XCBuildConfiguration;
			buildSettings = {
				BUNDLE_LOADER = "$(TEST_HOST)";
				CODE_SIGN_STYLE = Automatic;
				CURRENT_PROJECT_VERSION = 1;
				DEVELOPMENT_TEAM = DC583QU6ZR;
				GENERATE_INFOPLIST_FILE = YES;
				IPHONEOS_DEPLOYMENT_TARGET = 18.2;
				MARKETING_VERSION = 1.0;
				PRODUCT_BUNDLE_IDENTIFIER = "com.hyoroklee.animalfriends.Animal-WidgetsTests";
				PRODUCT_NAME = "$(TARGET_NAME)";
				SWIFT_EMIT_LOC_STRINGS = NO;
				SWIFT_VERSION = 5.0;
				TARGETED_DEVICE_FAMILY = "1,2";
				TEST_HOST = "$(BUILT_PRODUCTS_DIR)/Animal Widgets.app/$(BUNDLE_EXECUTABLE_FOLDER_PATH)/Animal Widgets";
			};
			name = Release;
		};
		401EC76E2F046E8A00BF3954 /* Debug */ = {
			isa = XCBuildConfiguration;
			buildSettings = {
				CODE_SIGN_STYLE = Automatic;
				CURRENT_PROJECT_VERSION = 1;
				DEVELOPMENT_TEAM = DC583QU6ZR;
				GENERATE_INFOPLIST_FILE = YES;
				MARKETING_VERSION = 1.0;
				PRODUCT_BUNDLE_IDENTIFIER = "com.hyoroklee.animalfriends.Animal-WidgetsUITests";
				PRODUCT_NAME = "$(TARGET_NAME)";
				SWIFT_EMIT_LOC_STRINGS = NO;
				SWIFT_VERSION = 5.0;
				TARGETED_DEVICE_FAMILY = "1,2";
				TEST_TARGET_NAME = "Animal Widgets";
			};
			name = Debug;
		};
		401EC76F2F046E8A00BF3954 /* Release */ = {
			isa = XCBuildConfiguration;
			buildSettings = {
				CODE_SIGN_STYLE = Automatic;
				CURRENT_PROJECT_VERSION = 1;
				DEVELOPMENT_TEAM = DC583QU6ZR;
				GENERATE_INFOPLIST_FILE = YES;
				MARKETING_VERSION = 1.0;
				PRODUCT_BUNDLE_IDENTIFIER = "com.hyoroklee.animalfriends.Animal-WidgetsUITests";
				PRODUCT_NAME = "$(TARGET_NAME)";
				SWIFT_EMIT_LOC_STRINGS = NO;
				SWIFT_VERSION = 5.0;
				TARGETED_DEVICE_FAMILY = "1,2";
				TEST_TARGET_NAME = "Animal Widgets";
			};
			name = Release;
		};
		40A1D5AB2F10000000000001 /* Debug */ = {
			isa = XCBuildConfiguration;
			buildSettings = {
				CODE_SIGN_ENTITLEMENTS = "Animal WidgetsWidget/Animal WidgetsWidget.entitlements";
				CODE_SIGN_STYLE = Automatic;
				CURRENT_PROJECT_VERSION = 1;
				DEVELOPMENT_TEAM = DC583QU6ZR;
				EXCLUDED_RESOURCE_FILE_NAMES = Info.plist;
				EXCLUDED_SOURCE_FILE_NAMES = Info.plist;
				GENERATE_INFOPLIST_FILE = NO;
				INFOPLIST_FILE = "Animal WidgetsWidget/Info.plist";
				IPHONEOS_DEPLOYMENT_TARGET = 18.2;
				LD_RUNPATH_SEARCH_PATHS = (
					"$(inherited)",
					"@executable_path/Frameworks",
					"@executable_path/../../Frameworks",
				);
				MARKETING_VERSION = 1.0;
				PRODUCT_BUNDLE_IDENTIFIER = com.hyoroklee.animalfriends.widget;
				PRODUCT_NAME = "$(TARGET_NAME)";
				SKIP_INSTALL = YES;
				SWIFT_VERSION = 5.0;
				TARGETED_DEVICE_FAMILY = "1,2";
			};
			name = Debug;
		};
		40A1D5AC2F10000000000001 /* Release */ = {
			isa = XCBuildConfiguration;
			buildSettings = {
				CODE_SIGN_ENTITLEMENTS = "Animal WidgetsWidget/Animal WidgetsWidget.entitlements";
				CODE_SIGN_STYLE = Automatic;
				CURRENT_PROJECT_VERSION = 1;
				DEVELOPMENT_TEAM = DC583QU6ZR;
				EXCLUDED_RESOURCE_FILE_NAMES = Info.plist;
				EXCLUDED_SOURCE_FILE_NAMES = Info.plist;
				GENERATE_INFOPLIST_FILE = NO;
				INFOPLIST_FILE = "Animal WidgetsWidget/Info.plist";
				IPHONEOS_DEPLOYMENT_TARGET = 18.2;
				LD_RUNPATH_SEARCH_PATHS = (
					"$(inherited)",
					"@executable_path/Frameworks",
					"@executable_path/../../Frameworks",
				);
				MARKETING_VERSION = 1.0;
				PRODUCT_BUNDLE_IDENTIFIER = com.hyoroklee.animalfriends.widget;
				PRODUCT_NAME = "$(TARGET_NAME)";
				SKIP_INSTALL = YES;
				SWIFT_VERSION = 5.0;
				TARGETED_DEVICE_FAMILY = "1,2";
			};
			name = Release;
		};
/* End XCBuildConfiguration section */

/* Begin XCConfigurationList section */
		401EC73E2F046E8900BF3954 /* Build configuration list for PBXProject "Animal Widgets" */ = {
			isa = XCConfigurationList;
			buildConfigurations = (
				401EC7652F046E8A00BF3954 /* Debug */,
				401EC7662F046E8A00BF3954 /* Release */,
			);
			defaultConfigurationIsVisible = 0;
			defaultConfigurationName = Release;
		};
		401EC7672F046E8A00BF3954 /* Build configuration list for PBXNativeTarget "Animal Widgets" */ = {
			isa = XCConfigurationList;
			buildConfigurations = (
				401EC7682F046E8A00BF3954 /* Debug */,
				401EC7692F046E8A00BF3954 /* Release */,
			);
			defaultConfigurationIsVisible = 0;
			defaultConfigurationName = Release;
		};
		401EC76A2F046E8A00BF3954 /* Build configuration list for PBXNativeTarget "Animal WidgetsTests" */ = {
			isa = XCConfigurationList;
			buildConfigurations = (
				401EC76B2F046E8A00BF3954 /* Debug */,
				401EC76C2F046E8A00BF3954 /* Release */,
			);
			defaultConfigurationIsVisible = 0;
			defaultConfigurationName = Release;
		};
		401EC76D2F046E8A00BF3954 /* Build configuration list for PBXNativeTarget "Animal WidgetsUITests" */ = {
			isa = XCConfigurationList;
			buildConfigurations = (
				401EC76E2F046E8A00BF3954 /* Debug */,
				401EC76F2F046E8A00BF3954 /* Release */,
			);
			defaultConfigurationIsVisible = 0;
			defaultConfigurationName = Release;
		};
		40A1D5AA2F10000000000001 /* Build configuration list for PBXNativeTarget "Animal WidgetsWidget" */ = {
			isa = XCConfigurationList;
			buildConfigurations = (
				40A1D5AB2F10000000000001 /* Debug */,
				40A1D5AC2F10000000000001 /* Release */,
			);
			defaultConfigurationIsVisible = 0;
			defaultConfigurationName = Release;
		};
/* End XCConfigurationList section */
	};
	rootObject = 401EC73B2F046E8900BF3954 /* Project object */;
}
